
Microsoft Visual Studio Solution File, Format Version 12.00
# Visual Studio Version 17
VisualStudioVersion = 17.14.36717.8
MinimumVisualStudioVersion = 10.0.40219.1
Project("{8BC9CEB8-8B4A-11D0-8D11-00A0C91BC942}") = "Core", "Core\Core.vcxproj", "{5F857DC1-69E8-4390-AF83-2B1434B897C3}"
EndProject
Project("{8BC9CEB8-8B4A-11D0-8D11-00A0C91BC942}") = "Rendering", "Rendering\Rendering.vcxproj", "{4B5A11D1-49F4-41F2-B62C-AD4FF3D5CCAC}"
EndProject
Project("{8BC9CEB8-8B4A-11D0-8D11-00A0C91BC942}") = "Sandbox", "Sandbox\Sandbox.vcxproj", "{093BB236-EE11-4241-972A-007177042214}"
EndProject
Project("{8BC9CEB8-8B4A-11D0-8D11-00A0C91BC942}") = "Platform", "Platform\Platform.vcxproj", "{DFA92B23-49C6-409D-925A-D4DFA08544B2}"
EndProject
Project("{8BC9CEB8-8B4A-11D0-8D11-00A0C91BC942}") = "Framework", "Framework\Framework.vcxproj", "{F22A662C-6C0E-4D6C-8388-562DE52A67A9}"
EndProject
Project("{8BC9CEB8-8B4A-11D0-8D11-00A0C91BC942}") = "Editor", "Editor\Editor.vcxproj", "{13B91B6D-A730-4C61-B3FA-CBAF926C627D}"
EndProject
Global
	GlobalSection(SolutionConfigurationPlatforms) = preSolution
		Debug|x64 = Debug|x64
		Release|x64 = Release|x64
	EndGlobalSection
	GlobalSection(ProjectConfigurationPlatforms) = postSolution
		{5F857DC1-69E8-4390-AF83-2B1434B897C3}.Debug|x64.ActiveCfg = Debug|x64
		{5F857DC1-69E8-4390-AF83-2B1434B897C3}.Debug|x64.Build.0 = Debug|x64
		{5F857DC1-69E8-4390-AF83-2B1434B897C3}.Release|x64.ActiveCfg = Release|x64
		{5F857DC1-69E8-4390-AF83-2B1434B897C3}.Release|x64.Build.0 = Release|x64
		{4B5A11D1-49F4-41F2-B62C-AD4FF3D5CCAC}.Debug|x64.ActiveCfg = Debug|x64
		{4B5A11D1-49F4-41F2-B62C-AD4FF3D5CCAC}.Debug|x64.Build.0 = Debug|x64
		{4B5A11D1-49F4-41F2-B62C-AD4FF3D5CCAC}.Release|x64.ActiveCfg = Release|x64
		{4B5A11D1-49F4-41F2-B62C-AD4FF3D5CCAC}.Release|x64.Build.0 = Release|x64
		{093BB236-EE11-4241-972A-007177042214}.Debug|x64.ActiveCfg = Debug|x64
		{093BB236-EE11-4241-972A-007177042214}.Debug|x64.Build.0 = Debug|x64
		{093BB236-EE11-4241-972A-007177042214}.Release|x64.ActiveCfg = Release|x64
		{093BB236-EE11-4241-972A-007177042214}.Release|x64.Build.0 = Release|x64
		{DFA92B23-49C6-409D-925A-D4DFA08544B2}.Debug|x64.ActiveCfg = Debug|x64
		{DFA92B23-49C6-409D-925A-D4DFA08544B2}.Debug|x64.Build.0 = Debug|x64
		{DFA92B23-49C6-409D-925A-D4DFA08544B2}.Release|x64.ActiveCfg = Release|x64
		{DFA92B23-49C6-409D-925A-D4DFA08544B2}.Release|x64.Build.0 = Release|x64
		{F22A662C-6C0E-4D6C-8388-562DE52A67A9}.Debug|x64.ActiveCfg = Debug|x64
		{F22A662C-6C0E-4D6C-8388-562DE52A67A9}.Debug|x64.Build.0 = Debug|x64
		{F22A662C-6C0E-4D6C-8388-562DE52A67A9}.Release|x64.ActiveCfg = Release|x64
		{F22A662C-6C0E-4D6C-8388-562DE52A67A9}.Release|x64.Build.0 = Release|x64
		{13B91B6D-A730-4C61-B3FA-CBAF926C627D}.Debug|x64.ActiveCfg = Debug|x64
		{13B91B6D-A730-4C61-B3FA-CBAF926C627D}.Debug|x64.Build.0 = Debug|x64
		{13B91B6D-A730-4C61-B3FA-CBAF926C627D}.Release|x64.ActiveCfg = Release|x64
		{13B91B6D-A730-4C61-B3FA-CBAF926C627D}.Release|x64.Build.0 = Release|x64
	EndGlobalSection
	GlobalSection(SolutionProperties) = preSolution
		HideSolutionNode = FALSE
	EndGlobalSection
	GlobalSection(ExtensibilityGlobals) = postSolution
		SolutionGuid = {D5D3CD6E-74A8-49DC-AFCF-D7885500E357}
	EndGlobalSection
EndGlobal
